
Microsoft Visual Studio Solution File, Format Version 12.00
# Visual Studio 15
VisualStudioVersion = 15.0.26730.3
MinimumVisualStudioVersion = 10.0.40219.1
Project("{2150E333-8FDC-42A3-9474-1A3956D46DE8}") = "src", "src", "{47FF7683-BDED-4046-A753-05CBD8F2DDF1}"
EndProject
Project("{9A19103F-16F7-4668-BE54-9A1E7A4F7556}") = "Vecc.QuickResponseCodes.ApiClient", "src\Vecc.QuickResponseCodes.ApiClient\Vecc.QuickResponseCodes.ApiClient.csproj", "{008C1639-8625-4697-9317-C4F049C4CEE3}"
EndProject
Project("{9A19103F-16F7-4668-BE54-9A1E7A4F7556}") = "Vecc.QuickResponseCodes.Sandbox", "src\Vecc.QuickResponseCodes.Sandbox\Vecc.QuickResponseCodes.Sandbox.csproj", "{D59F5B93-9C1B-428C-B933-89ED7E124279}"
EndProject
Global
	GlobalSection(SolutionConfigurationPlatforms) = preSolution
		Debug|Any CPU = Debug|Any CPU
		Release|Any CPU = Release|Any CPU
	EndGlobalSection
	GlobalSection(ProjectConfigurationPlatforms) = postSolution
		{008C1639-8625-4697-9317-C4F049C4CEE3}.Debug|Any CPU.ActiveCfg = Debug|Any CPU
		{008C1639-8625-4697-9317-C4F049C4CEE3}.Debug|Any CPU.Build.0 = Debug|Any CPU
		{008C1639-8625-4697-9317-C4F049C4CEE3}.Release|Any CPU.ActiveCfg = Release|Any CPU
		{008C1639-8625-4697-9317-C4F049C4CEE3}.Release|Any CPU.Build.0 = Release|Any CPU
		{D59F5B93-9C1B-428C-B933-89ED7E124279}.Debug|Any CPU.ActiveCfg = Debug|Any CPU
		{D59F5B93-9C1B-428C-B933-89ED7E124279}.Debug|Any CPU.Build.0 = Debug|Any CPU
		{D59F5B93-9C1B-428C-B933-89ED7E124279}.Release|Any CPU.ActiveCfg = Release|Any CPU
		{D59F5B93-9C1B-428C-B933-89ED7E124279}.Release|Any CPU.Build.0 = Release|Any CPU
	EndGlobalSection
	GlobalSection(SolutionProperties) = preSolution
		HideSolutionNode = FALSE
	EndGlobalSection
	GlobalSection(NestedProjects) = preSolution
		{008C1639-8625-4697-9317-C4F049C4CEE3} = {47FF7683-BDED-4046-A753-05CBD8F2DDF1}
		{D59F5B93-9C1B-428C-B933-89ED7E124279} = {47FF7683-BDED-4046-A753-05CBD8F2DDF1}
	EndGlobalSection
	GlobalSection(ExtensibilityGlobals) = postSolution
		SolutionGuid = {7995D10E-9021-4A37-8215-0DA6DD6FAC0F}
	EndGlobalSection
EndGlobal
